
Microsoft Visual Studio Solution File, Format Version 12.00
# Visual Studio 15
VisualStudioVersion = 15.0.26124.0
MinimumVisualStudioVersion = 15.0.26124.0
Project("{FAE04EC0-301F-11D3-BF4B-00C04F79EFBC}") = "sharpstrap", "project\sharpstrap.csproj", "{6EE59A25-63A6-4616-886B-F8FA438CE9AD}"
EndProject
Project("{FAE04EC0-301F-11D3-BF4B-00C04F79EFBC}") = "tests", "tests\tests.csproj", "{6C369ACE-F18B-47EB-993B-DF2F19018090}"
EndProject
Global
	GlobalSection(SolutionConfigurationPlatforms) = preSolution
		Debug|Any CPU = Debug|Any CPU
		Debug|x64 = Debug|x64
		Debug|x86 = Debug|x86
		Release|Any CPU = Release|Any CPU
		Release|x64 = Release|x64
		Release|x86 = Release|x86
	EndGlobalSection
	GlobalSection(SolutionProperties) = preSolution
		HideSolutionNode = FALSE
	EndGlobalSection
	GlobalSection(ProjectConfigurationPlatforms) = postSolution
		{6EE59A25-63A6-4616-886B-F8FA438CE9AD}.Debug|Any CPU.ActiveCfg = Debug|Any CPU
		{6EE59A25-63A6-4616-886B-F8FA438CE9AD}.Debug|Any CPU.Build.0 = Debug|Any CPU
		{6EE59A25-63A6-4616-886B-F8FA438CE9AD}.Debug|x64.ActiveCfg = Debug|Any CPU
		{6EE59A25-63A6-4616-886B-F8FA438CE9AD}.Debug|x64.Build.0 = Debug|Any CPU
		{6EE59A25-63A6-4616-886B-F8FA438CE9AD}.Debug|x86.ActiveCfg = Debug|Any CPU
		{6EE59A25-63A6-4616-886B-F8FA438CE9AD}.Debug|x86.Build.0 = Debug|Any CPU
		{6EE59A25-63A6-4616-886B-F8FA438CE9AD}.Release|Any CPU.ActiveCfg = Release|Any CPU
		{6EE59A25-63A6-4616-886B-F8FA438CE9AD}.Release|Any CPU.Build.0 = Release|Any CPU
		{6EE59A25-63A6-4616-886B-F8FA438CE9AD}.Release|x64.ActiveCfg = Release|Any CPU
		{6EE59A25-63A6-4616-886B-F8FA438CE9AD}.Release|x64.Build.0 = Release|Any CPU
		{6EE59A25-63A6-4616-886B-F8FA438CE9AD}.Release|x86.ActiveCfg = Release|Any CPU
		{6EE59A25-63A6-4616-886B-F8FA438CE9AD}.Release|x86.Build.0 = Release|Any CPU
		{6C369ACE-F18B-47EB-993B-DF2F19018090}.Debug|Any CPU.ActiveCfg = Debug|Any CPU
		{6C369ACE-F18B-47EB-993B-DF2F19018090}.Debug|Any CPU.Build.0 = Debug|Any CPU
		{6C369ACE-F18B-47EB-993B-DF2F19018090}.Debug|x64.ActiveCfg = Debug|Any CPU
		{6C369ACE-F18B-47EB-993B-DF2F19018090}.Debug|x64.Build.0 = Debug|Any CPU
		{6C369ACE-F18B-47EB-993B-DF2F19018090}.Debug|x86.ActiveCfg = Debug|Any CPU
		{6C369ACE-F18B-47EB-993B-DF2F19018090}.Debug|x86.Build.0 = Debug|Any CPU
		{6C369ACE-F18B-47EB-993B-DF2F19018090}.Release|Any CPU.ActiveCfg = Release|Any CPU
		{6C369ACE-F18B-47EB-993B-DF2F19018090}.Release|Any CPU.Build.0 = Release|Any CPU
		{6C369ACE-F18B-47EB-993B-DF2F19018090}.Release|x64.ActiveCfg = Release|Any CPU
		{6C369ACE-F18B-47EB-993B-DF2F19018090}.Release|x64.Build.0 = Release|Any CPU
		{6C369ACE-F18B-47EB-993B-DF2F19018090}.Release|x86.ActiveCfg = Release|Any CPU
		{6C369ACE-F18B-47EB-993B-DF2F19018090}.Release|x86.Build.0 = Release|Any CPU
	EndGlobalSection
EndGlobal
